{
  "requires": true,
  "lockfileVersion": 1,
  "dependencies": {
    "@prettier/plugin-php": {
      "version": "0.15.0",
      "resolved": "https://registry.npmjs.org/@prettier/plugin-php/-/plugin-php-0.15.0.tgz",
      "integrity": "sha512-OnzCmDTDdWLkm2nsvtiWKip1ePoy+KucY1h9zHDVXIFWBrd+OZATeZZgC7JU7gjly96g86hW1ZHpbF9ip9KHfg==",
      "dev": true,
      "requires": {
        "linguist-languages": "^7.5.1",
        "mem": "^6.0.1",
        "php-parser": "3.0.2"
      }
    },
    "linguist-languages": {
      "version": "7.11.1",
      "resolved": "https://registry.npmjs.org/linguist-languages/-/linguist-languages-7.11.1.tgz",
      "integrity": "sha512-+cRUk+1WTbydcdzipXQER2iilX+wMrb1LPkbkGuDP/IcGPJRDmOZH6Olf1iH6sHlHwPnJYiNJH39YsFCVZxvUQ==",
      "dev": true
    },
    "map-age-cleaner": {
      "version": "0.1.3",
      "resolved": "https://registry.npmjs.org/map-age-cleaner/-/map-age-cleaner-0.1.3.tgz",
      "integrity": "sha512-bJzx6nMoP6PDLPBFmg7+xRKeFZvFboMrGlxmNj9ClvX53KrmvM5bXFXEWjbz4cz1AFn+jWJ9z/DJSz7hrs0w3w==",
      "dev": true,
      "requires": {
        "p-defer": "^1.0.0"
      }
    },
    "mem": {
      "version": "6.1.1",
      "resolved": "https://registry.npmjs.org/mem/-/mem-6.1.1.tgz",
      "integrity": "sha512-Ci6bIfq/UgcxPTYa8dQQ5FY3BzKkT894bwXWXxC/zqs0XgMO2cT20CGkOqda7gZNkmK5VP4x89IGZ6K7hfbn3Q==",
      "dev": true,
      "requires": {
        "map-age-cleaner": "^0.1.3",
        "mimic-fn": "^3.0.0"
      }
    },
    "mimic-fn": {
      "version": "3.1.0",
      "resolved": "https://registry.npmjs.org/mimic-fn/-/mimic-fn-3.1.0.tgz",
      "integrity": "sha512-Ysbi9uYW9hFyfrThdDEQuykN4Ey6BuwPD2kpI5ES/nFTDn/98yxYNLZJcgUAKPT/mcrLLKaGzJR9YVxJrIdASQ==",
      "dev": true
    },
    "p-defer": {
      "version": "1.0.0",
      "resolved": "https://registry.npmjs.org/p-defer/-/p-defer-1.0.0.tgz",
      "integrity": "sha1-n26xgvbJqozXQwBKfU+WsZaw+ww=",
      "dev": true
    },
    "php-parser": {
      "version": "3.0.2",
      "resolved": "https://registry.npmjs.org/php-parser/-/php-parser-3.0.2.tgz",
      "integrity": "sha512-a7y1+odEGsceLDLpu7oNyspZ0pK8FMWJOoim4/yd82AtnEZNLdCLZ67arnOQZ9K0lHJiSp4/7lVUpGELVxE14w==",
      "dev": true
    },
    "prettier": {
      "version": "2.1.2",
      "resolved": "https://registry.npmjs.org/prettier/-/prettier-2.1.2.tgz",
      "integrity": "sha512-16c7K+x4qVlJg9rEbXl7HEGmQyZlG4R9AgP+oHKRMsMsuk8s+ATStlf1NpDqyBI1HpVyfjLOeMhH2LvuNvV5Vg==",
      "dev": true
    }
  }
}
